{
	"name": "@coloration/kit-operator",
	"version": "1.0.0",
	"lockfileVersion": 1,
	"requires": true,
	"dependencies": {
		"@types/lodash": {
			"version": "4.14.141",
			"resolved": "https://registry.npmjs.org/@types/lodash/-/lodash-4.14.141.tgz",
			"integrity": "sha512-v5NYIi9qEbFEUpCyikmnOYe4YlP8BMUdTcNCAquAKzu+FA7rZ1onj9x80mbnDdOW/K5bFf3Tv5kJplP33+gAbQ=="
		},
		"@types/lodash.curry": {
			"version": "4.1.6",
			"resolved": "https://registry.npmjs.org/@types/lodash.curry/-/lodash.curry-4.1.6.tgz",
			"integrity": "sha512-x3ctCcmOYqRrihNNnQJW6fe/yZFCgnrIa6p80AiPQRO8Jis29bBdy1dEw1FwngoF/mCZa3Bx+33fUZvOEE635Q==",
			"requires": {
				"@types/lodash": "*"
			}
		},
		"@types/lodash.isfunction": {
			"version": "3.0.6",
			"resolved": "https://registry.npmjs.org/@types/lodash.isfunction/-/lodash.isfunction-3.0.6.tgz",
			"integrity": "sha512-olhgKmBgzHnA5pxsOI6YHunzTBMSyBw1XjxIKFio8W+XhYiELGTt05FStE0suV0GWtlIMdn7V8M/UbYbSVdGYw==",
			"requires": {
				"@types/lodash": "*"
			}
		},
		"lodash.curry": {
			"version": "4.1.1",
			"resolved": "https://registry.npmjs.org/lodash.curry/-/lodash.curry-4.1.1.tgz",
			"integrity": "sha1-JI42By7ekGUB11lmIAqG2riyMXA="
		},
		"lodash.isfunction": {
			"version": "3.0.9",
			"resolved": "https://registry.npmjs.org/lodash.isfunction/-/lodash.isfunction-3.0.9.tgz",
			"integrity": "sha512-AirXNj15uRIMMPihnkInB4i3NHeb4iBtNg9WRWuK2o31S+ePwwNmDPaTL3o7dTJ+VXNZim7rFs4rxN4YU1oUJw=="
		}
	}
}
